
Microsoft Visual Studio Solution File, Format Version 12.00
# Visual Studio Version 17
VisualStudioVersion = 17.4.33122.133
MinimumVisualStudioVersion = 10.0.40219.1
Project("{2150E333-8FDC-42A3-9474-1A3956D46DE8}") = "Src", "Src", "{0C42E61D-7162-45F0-841D-C5057DF074C7}"
EndProject
Project("{2150E333-8FDC-42A3-9474-1A3956D46DE8}") = "Domain", "Domain", "{E039501A-9F60-493A-9643-F922765951E8}"
EndProject
Project("{9A19103F-16F7-4668-BE54-9A1E7A4F7556}") = "OnlineShopping.Domain.Contract", "OnlineShopping.Domain.Contract\OnlineShopping.Domain.Contract.csproj", "{F3C1F5E3-2305-4A4F-9B64-07F3D00CFD61}"
EndProject
Project("{9A19103F-16F7-4668-BE54-9A1E7A4F7556}") = "OnlineShopping.Domain", "OnlineShopping.Domain\OnlineShopping.Domain.csproj", "{43220A05-13A4-44BA-B90C-D4AEA0FCF4CB}"
EndProject
Project("{2150E333-8FDC-42A3-9474-1A3956D46DE8}") = "Application", "Application", "{33CC8326-D395-4D34-A14A-D6406A5D3A61}"
EndProject
Project("{9A19103F-16F7-4668-BE54-9A1E7A4F7556}") = "OnlineShopping.Application.Contract", "OnlineShopping.Application.Contract\OnlineShopping.Application.Contract.csproj", "{BBAC3EA3-3A2B-42F6-8F1D-54377F18CA65}"
EndProject
Project("{9A19103F-16F7-4668-BE54-9A1E7A4F7556}") = "OnlineShopping.Application", "OnlineShopping.Application\OnlineShopping.Application.csproj", "{2FAE79A6-174F-4475-B53F-213C08B35C1E}"
EndProject
Project("{2150E333-8FDC-42A3-9474-1A3956D46DE8}") = "Infrastructure", "Infrastructure", "{6A5878C4-CAD0-4398-9A81-47DC06EE0D15}"
EndProject
Project("{9A19103F-16F7-4668-BE54-9A1E7A4F7556}") = "OnlineShopping.EntityFrameworkCore", "OnlineShopping.EntityFrameworkCore\OnlineShopping.EntityFrameworkCore.csproj", "{E43AAF18-978E-4CFF-A042-173A31E3721E}"
EndProject
Project("{2150E333-8FDC-42A3-9474-1A3956D46DE8}") = "Presentation", "Presentation", "{F9B65C7E-5C8F-490F-8CBD-A26DAD277E6B}"
EndProject
Project("{9A19103F-16F7-4668-BE54-9A1E7A4F7556}") = "OnlineShopping.WebApi", "OnlineShopping.WebApi\OnlineShopping.WebApi.csproj", "{8CF34277-B99D-4B7A-B2F9-6F9DEBA317E2}"
EndProject
Project("{2150E333-8FDC-42A3-9474-1A3956D46DE8}") = "Test", "Test", "{D1BD2E19-26C6-450F-A924-07A67CB97320}"
EndProject
Project("{2150E333-8FDC-42A3-9474-1A3956D46DE8}") = "SRC_2", "SRC_2", "{8A3091E9-473D-4AFA-A89C-750224C164FB}"
EndProject
Project("{FAE04EC0-301F-11D3-BF4B-00C04F79EFBC}") = "Clean.Domain", "Clean.Domain\Clean.Domain.csproj", "{28F7DE12-D73E-4337-8095-58B2546F1048}"
EndProject
Project("{FAE04EC0-301F-11D3-BF4B-00C04F79EFBC}") = "Clean.Application", "Clean.Application\Clean.Application.csproj", "{A8D884A9-F003-43B9-9D07-6862836F0119}"
EndProject
Project("{2150E333-8FDC-42A3-9474-1A3956D46DE8}") = "Infras", "Infras", "{ED312F82-4465-4134-8071-62F1E0DD89B7}"
EndProject
Project("{FAE04EC0-301F-11D3-BF4B-00C04F79EFBC}") = "Clean.Repository", "Clean.Repository\Clean.Repository.csproj", "{C4367575-7140-4BBB-9640-811B81B76C74}"
EndProject
Project("{FAE04EC0-301F-11D3-BF4B-00C04F79EFBC}") = "Clean.Common", "Clean.Common\Clean.Common.csproj", "{EBDF9B21-D2E7-4F94-A557-A9F4D0B05A1B}"
EndProject
Project("{FAE04EC0-301F-11D3-BF4B-00C04F79EFBC}") = "Ceal.Dapper", "Ceal.Dapper\Ceal.Dapper.csproj", "{F528A6F3-3DAB-4FF6-8E5B-7BB3D2911FAE}"
EndProject
Project("{FAE04EC0-301F-11D3-BF4B-00C04F79EFBC}") = "CleanEfCore", "CleanEfCore\CleanEfCore.csproj", "{9E3D77CC-6024-4CCC-967E-D7849F9800DD}"
EndProject
Project("{FAE04EC0-301F-11D3-BF4B-00C04F79EFBC}") = "CleanService", "CleanService\CleanService.csproj", "{96F38584-4979-46A9-8D3E-EC41EA8EF562}"
EndProject
Global
	GlobalSection(SolutionConfigurationPlatforms) = preSolution
		Debug|Any CPU = Debug|Any CPU
		Release|Any CPU = Release|Any CPU
	EndGlobalSection
	GlobalSection(ProjectConfigurationPlatforms) = postSolution
		{F3C1F5E3-2305-4A4F-9B64-07F3D00CFD61}.Debug|Any CPU.ActiveCfg = Debug|Any CPU
		{F3C1F5E3-2305-4A4F-9B64-07F3D00CFD61}.Debug|Any CPU.Build.0 = Debug|Any CPU
		{F3C1F5E3-2305-4A4F-9B64-07F3D00CFD61}.Release|Any CPU.ActiveCfg = Release|Any CPU
		{F3C1F5E3-2305-4A4F-9B64-07F3D00CFD61}.Release|Any CPU.Build.0 = Release|Any CPU
		{43220A05-13A4-44BA-B90C-D4AEA0FCF4CB}.Debug|Any CPU.ActiveCfg = Debug|Any CPU
		{43220A05-13A4-44BA-B90C-D4AEA0FCF4CB}.Debug|Any CPU.Build.0 = Debug|Any CPU
		{43220A05-13A4-44BA-B90C-D4AEA0FCF4CB}.Release|Any CPU.ActiveCfg = Release|Any CPU
		{43220A05-13A4-44BA-B90C-D4AEA0FCF4CB}.Release|Any CPU.Build.0 = Release|Any CPU
		{BBAC3EA3-3A2B-42F6-8F1D-54377F18CA65}.Debug|Any CPU.ActiveCfg = Debug|Any CPU
		{BBAC3EA3-3A2B-42F6-8F1D-54377F18CA65}.Debug|Any CPU.Build.0 = Debug|Any CPU
		{BBAC3EA3-3A2B-42F6-8F1D-54377F18CA65}.Release|Any CPU.ActiveCfg = Release|Any CPU
		{BBAC3EA3-3A2B-42F6-8F1D-54377F18CA65}.Release|Any CPU.Build.0 = Release|Any CPU
		{2FAE79A6-174F-4475-B53F-213C08B35C1E}.Debug|Any CPU.ActiveCfg = Debug|Any CPU
		{2FAE79A6-174F-4475-B53F-213C08B35C1E}.Debug|Any CPU.Build.0 = Debug|Any CPU
		{2FAE79A6-174F-4475-B53F-213C08B35C1E}.Release|Any CPU.ActiveCfg = Release|Any CPU
		{2FAE79A6-174F-4475-B53F-213C08B35C1E}.Release|Any CPU.Build.0 = Release|Any CPU
		{E43AAF18-978E-4CFF-A042-173A31E3721E}.Debug|Any CPU.ActiveCfg = Debug|Any CPU
		{E43AAF18-978E-4CFF-A042-173A31E3721E}.Debug|Any CPU.Build.0 = Debug|Any CPU
		{E43AAF18-978E-4CFF-A042-173A31E3721E}.Release|Any CPU.ActiveCfg = Release|Any CPU
		{E43AAF18-978E-4CFF-A042-173A31E3721E}.Release|Any CPU.Build.0 = Release|Any CPU
		{8CF34277-B99D-4B7A-B2F9-6F9DEBA317E2}.Debug|Any CPU.ActiveCfg = Debug|Any CPU
		{8CF34277-B99D-4B7A-B2F9-6F9DEBA317E2}.Debug|Any CPU.Build.0 = Debug|Any CPU
		{8CF34277-B99D-4B7A-B2F9-6F9DEBA317E2}.Release|Any CPU.ActiveCfg = Release|Any CPU
		{8CF34277-B99D-4B7A-B2F9-6F9DEBA317E2}.Release|Any CPU.Build.0 = Release|Any CPU
		{28F7DE12-D73E-4337-8095-58B2546F1048}.Debug|Any CPU.ActiveCfg = Debug|Any CPU
		{28F7DE12-D73E-4337-8095-58B2546F1048}.Debug|Any CPU.Build.0 = Debug|Any CPU
		{28F7DE12-D73E-4337-8095-58B2546F1048}.Release|Any CPU.ActiveCfg = Release|Any CPU
		{28F7DE12-D73E-4337-8095-58B2546F1048}.Release|Any CPU.Build.0 = Release|Any CPU
		{A8D884A9-F003-43B9-9D07-6862836F0119}.Debug|Any CPU.ActiveCfg = Debug|Any CPU
		{A8D884A9-F003-43B9-9D07-6862836F0119}.Debug|Any CPU.Build.0 = Debug|Any CPU
		{A8D884A9-F003-43B9-9D07-6862836F0119}.Release|Any CPU.ActiveCfg = Release|Any CPU
		{A8D884A9-F003-43B9-9D07-6862836F0119}.Release|Any CPU.Build.0 = Release|Any CPU
		{C4367575-7140-4BBB-9640-811B81B76C74}.Debug|Any CPU.ActiveCfg = Debug|Any CPU
		{C4367575-7140-4BBB-9640-811B81B76C74}.Debug|Any CPU.Build.0 = Debug|Any CPU
		{C4367575-7140-4BBB-9640-811B81B76C74}.Release|Any CPU.ActiveCfg = Release|Any CPU
		{C4367575-7140-4BBB-9640-811B81B76C74}.Release|Any CPU.Build.0 = Release|Any CPU
		{EBDF9B21-D2E7-4F94-A557-A9F4D0B05A1B}.Debug|Any CPU.ActiveCfg = Debug|Any CPU
		{EBDF9B21-D2E7-4F94-A557-A9F4D0B05A1B}.Debug|Any CPU.Build.0 = Debug|Any CPU
		{EBDF9B21-D2E7-4F94-A557-A9F4D0B05A1B}.Release|Any CPU.ActiveCfg = Release|Any CPU
		{EBDF9B21-D2E7-4F94-A557-A9F4D0B05A1B}.Release|Any CPU.Build.0 = Release|Any CPU
		{F528A6F3-3DAB-4FF6-8E5B-7BB3D2911FAE}.Debug|Any CPU.ActiveCfg = Debug|Any CPU
		{F528A6F3-3DAB-4FF6-8E5B-7BB3D2911FAE}.Debug|Any CPU.Build.0 = Debug|Any CPU
		{F528A6F3-3DAB-4FF6-8E5B-7BB3D2911FAE}.Release|Any CPU.ActiveCfg = Release|Any CPU
		{F528A6F3-3DAB-4FF6-8E5B-7BB3D2911FAE}.Release|Any CPU.Build.0 = Release|Any CPU
		{9E3D77CC-6024-4CCC-967E-D7849F9800DD}.Debug|Any CPU.ActiveCfg = Debug|Any CPU
		{9E3D77CC-6024-4CCC-967E-D7849F9800DD}.Debug|Any CPU.Build.0 = Debug|Any CPU
		{9E3D77CC-6024-4CCC-967E-D7849F9800DD}.Release|Any CPU.ActiveCfg = Release|Any CPU
		{9E3D77CC-6024-4CCC-967E-D7849F9800DD}.Release|Any CPU.Build.0 = Release|Any CPU
		{96F38584-4979-46A9-8D3E-EC41EA8EF562}.Debug|Any CPU.ActiveCfg = Debug|Any CPU
		{96F38584-4979-46A9-8D3E-EC41EA8EF562}.Debug|Any CPU.Build.0 = Debug|Any CPU
		{96F38584-4979-46A9-8D3E-EC41EA8EF562}.Release|Any CPU.ActiveCfg = Release|Any CPU
		{96F38584-4979-46A9-8D3E-EC41EA8EF562}.Release|Any CPU.Build.0 = Release|Any CPU
	EndGlobalSection
	GlobalSection(SolutionProperties) = preSolution
		HideSolutionNode = FALSE
	EndGlobalSection
	GlobalSection(NestedProjects) = preSolution
		{E039501A-9F60-493A-9643-F922765951E8} = {0C42E61D-7162-45F0-841D-C5057DF074C7}
		{F3C1F5E3-2305-4A4F-9B64-07F3D00CFD61} = {E039501A-9F60-493A-9643-F922765951E8}
		{43220A05-13A4-44BA-B90C-D4AEA0FCF4CB} = {E039501A-9F60-493A-9643-F922765951E8}
		{33CC8326-D395-4D34-A14A-D6406A5D3A61} = {0C42E61D-7162-45F0-841D-C5057DF074C7}
		{BBAC3EA3-3A2B-42F6-8F1D-54377F18CA65} = {33CC8326-D395-4D34-A14A-D6406A5D3A61}
		{2FAE79A6-174F-4475-B53F-213C08B35C1E} = {33CC8326-D395-4D34-A14A-D6406A5D3A61}
		{6A5878C4-CAD0-4398-9A81-47DC06EE0D15} = {0C42E61D-7162-45F0-841D-C5057DF074C7}
		{E43AAF18-978E-4CFF-A042-173A31E3721E} = {6A5878C4-CAD0-4398-9A81-47DC06EE0D15}
		{F9B65C7E-5C8F-490F-8CBD-A26DAD277E6B} = {0C42E61D-7162-45F0-841D-C5057DF074C7}
		{8CF34277-B99D-4B7A-B2F9-6F9DEBA317E2} = {F9B65C7E-5C8F-490F-8CBD-A26DAD277E6B}
		{28F7DE12-D73E-4337-8095-58B2546F1048} = {8A3091E9-473D-4AFA-A89C-750224C164FB}
		{A8D884A9-F003-43B9-9D07-6862836F0119} = {8A3091E9-473D-4AFA-A89C-750224C164FB}
		{ED312F82-4465-4134-8071-62F1E0DD89B7} = {8A3091E9-473D-4AFA-A89C-750224C164FB}
		{C4367575-7140-4BBB-9640-811B81B76C74} = {ED312F82-4465-4134-8071-62F1E0DD89B7}
		{EBDF9B21-D2E7-4F94-A557-A9F4D0B05A1B} = {8A3091E9-473D-4AFA-A89C-750224C164FB}
		{F528A6F3-3DAB-4FF6-8E5B-7BB3D2911FAE} = {ED312F82-4465-4134-8071-62F1E0DD89B7}
		{9E3D77CC-6024-4CCC-967E-D7849F9800DD} = {ED312F82-4465-4134-8071-62F1E0DD89B7}
		{96F38584-4979-46A9-8D3E-EC41EA8EF562} = {ED312F82-4465-4134-8071-62F1E0DD89B7}
	EndGlobalSection
	GlobalSection(ExtensibilityGlobals) = postSolution
		SolutionGuid = {0C5A8804-B787-4AAD-B95F-7DAEB8118C5B}
	EndGlobalSection
EndGlobal
